
Microsoft Visual Studio Solution File, Format Version 12.00
# Visual Studio Version 17
VisualStudioVersion = 17.0.31903.59
MinimumVisualStudioVersion = 10.0.40219.1
Project("{FAE04EC0-301F-11D3-BF4B-00C04F79EFBC}") = "ManipulaVar", "ManipulaVar\ManipulaVar.csproj", "{105C959F-0DC1-439F-8B12-37814E3CF600}"
EndProject
Project("{FAE04EC0-301F-11D3-BF4B-00C04F79EFBC}") = "PerguntaValores", "PerguntaValores\PerguntaValores.csproj", "{191020C6-3487-42D1-881D-1ACE59D460C5}"
EndProject
Project("{FAE04EC0-301F-11D3-BF4B-00C04F79EFBC}") = "Specials", "Specials\Specials.csproj", "{817C52F4-3560-47C8-B3D8-E43036672DFE}"
EndProject
Global
	GlobalSection(SolutionConfigurationPlatforms) = preSolution
		Debug|Any CPU = Debug|Any CPU
		Release|Any CPU = Release|Any CPU
	EndGlobalSection
	GlobalSection(SolutionProperties) = preSolution
		HideSolutionNode = FALSE
	EndGlobalSection
	GlobalSection(ProjectConfigurationPlatforms) = postSolution
		{105C959F-0DC1-439F-8B12-37814E3CF600}.Debug|Any CPU.ActiveCfg = Debug|Any CPU
		{105C959F-0DC1-439F-8B12-37814E3CF600}.Debug|Any CPU.Build.0 = Debug|Any CPU
		{105C959F-0DC1-439F-8B12-37814E3CF600}.Release|Any CPU.ActiveCfg = Release|Any CPU
		{105C959F-0DC1-439F-8B12-37814E3CF600}.Release|Any CPU.Build.0 = Release|Any CPU
		{191020C6-3487-42D1-881D-1ACE59D460C5}.Debug|Any CPU.ActiveCfg = Debug|Any CPU
		{191020C6-3487-42D1-881D-1ACE59D460C5}.Debug|Any CPU.Build.0 = Debug|Any CPU
		{191020C6-3487-42D1-881D-1ACE59D460C5}.Release|Any CPU.ActiveCfg = Release|Any CPU
		{191020C6-3487-42D1-881D-1ACE59D460C5}.Release|Any CPU.Build.0 = Release|Any CPU
		{817C52F4-3560-47C8-B3D8-E43036672DFE}.Debug|Any CPU.ActiveCfg = Debug|Any CPU
		{817C52F4-3560-47C8-B3D8-E43036672DFE}.Debug|Any CPU.Build.0 = Debug|Any CPU
		{817C52F4-3560-47C8-B3D8-E43036672DFE}.Release|Any CPU.ActiveCfg = Release|Any CPU
		{817C52F4-3560-47C8-B3D8-E43036672DFE}.Release|Any CPU.Build.0 = Release|Any CPU
	EndGlobalSection
EndGlobal
